// !$*UTF8*$!
{
	archiveVersion = 1;
	classes = {
	};
	objectVersion = 51;
	objects = {

/* Begin PBXBuildFile section */
		1D33445E4AEE91D871C8789E /* Pods_AnimationApp.framework in Frameworks */ = {isa = PBXBuildFile; fileRef = 3470D713683A55D25507BAF2 /* Pods_AnimationApp.framework */; };
		F40F246226FC969700AD2F3B /* Animation Parameters.swift in Sources */ = {isa = PBXBuildFile; fileRef = F40F246126FC969700AD2F3B /* Animation Parameters.swift */; };
		F42E327526FBBD1B00688488 /* AppDelegate.swift in Sources */ = {isa = PBXBuildFile; fileRef = F42E327426FBBD1B00688488 /* AppDelegate.swift */; };
		F42E327726FBBD1B00688488 /* SceneDelegate.swift in Sources */ = {isa = PBXBuildFile; fileRef = F42E327626FBBD1B00688488 /* SceneDelegate.swift */; };
		F42E327926FBBD1B00688488 /* ViewController.swift in Sources */ = {isa = PBXBuildFile; fileRef = F42E327826FBBD1B00688488 /* ViewController.swift */; };
		F42E327C26FBBD1B00688488 /* Main.storyboard in Resources */ = {isa = PBXBuildFile; fileRef = F42E327A26FBBD1B00688488 /* Main.storyboard */; };
		F42E327E26FBBD1C00688488 /* Assets.xcassets in Resources */ = {isa = PBXBuildFile; fileRef = F42E327D26FBBD1C00688488 /* Assets.xcassets */; };
		F42E328126FBBD1C00688488 /* LaunchScreen.storyboard in Resources */ = {isa = PBXBuildFile; fileRef = F42E327F26FBBD1C00688488 /* LaunchScreen.storyboard */; };
/* End PBXBuildFile section */

/* Begin PBXFileReference section */
		3470D713683A55D25507BAF2 /* Pods_AnimationApp.framework */ = {isa = PBXFileReference; explicitFileType = wrapper.framework; includeInIndex = 0; path = Pods_AnimationApp.framework; sourceTree = BUILT_PRODUCTS_DIR; };
		7BEE7190E1993C6EA513762A /* Pods-AnimationApp.debug.xcconfig */ = {isa = PBXFileReference; includeInIndex = 1; lastKnownFileType = text.xcconfig; name = "Pods-AnimationApp.debug.xcconfig"; path = "Target Support Files/Pods-AnimationApp/Pods-AnimationApp.debug.xcconfig"; sourceTree = "<group>"; };
		911E2EDE075452033FA1044F /* Pods-AnimationApp.release.xcconfig */ = {isa = PBXFileReference; includeInIndex = 1; lastKnownFileType = text.xcconfig; name = "Pods-AnimationApp.release.xcconfig"; path = "Target Support Files/Pods-AnimationApp/Pods-AnimationApp.release.xcconfig"; sourceTree = "<group>"; };
		F40F246126FC969700AD2F3B /* Animation Parameters.swift */ = {isa = PBXFileReference; lastKnownFileType = sourcecode.swift; path = "Animation Parameters.swift"; sourceTree = "<group>"; };
		F42E327126FBBD1B00688488 /* AnimationApp.app */ = {isa = PBXFileReference; explicitFileType = wrapper.application; includeInIndex = 0; path = AnimationApp.app; sourceTree = BUILT_PRODUCTS_DIR; };
		F42E327426FBBD1B00688488 /* AppDelegate.swift */ = {isa = PBXFileReference; lastKnownFileType = sourcecode.swift; path = AppDelegate.swift; sourceTree = "<group>"; };
		F42E327626FBBD1B00688488 /* SceneDelegate.swift */ = {isa = PBXFileReference; lastKnownFileType = sourcecode.swift; path = SceneDelegate.swift; sourceTree = "<group>"; };
		F42E327826FBBD1B00688488 /* ViewController.swift */ = {isa = PBXFileReference; lastKnownFileType = sourcecode.swift; path = ViewController.swift; sourceTree = "<group>"; };
		F42E327B26FBBD1B00688488 /* Base */ = {isa = PBXFileReference; lastKnownFileType = file.storyboard; name = Base; path = Base.lproj/Main.storyboard; sourceTree = "<group>"; };
		F42E327D26FBBD1C00688488 /* Assets.xcassets */ = {isa = PBXFileReference; lastKnownFileType = folder.assetcatalog; path = Assets.xcassets; sourceTree = "<group>"; };
		F42E328026FBBD1C00688488 /* Base */ = {isa = PBXFileReference; lastKnownFileType = file.storyboard; name = Base; path = Base.lproj/LaunchScreen.storyboard; sourceTree = "<group>"; };
		F42E328226FBBD1C00688488 /* Info.plist */ = {isa = PBXFileReference; lastKnownFileType = text.plist.xml; path = Info.plist; sourceTree = "<group>"; };
/* End PBXFileReference section */

/* Begin PBXFrameworksBuildPhase section */
		F42E326E26FBBD1B00688488 /* Frameworks */ = {
			isa = PBXFrameworksBuildPhase;
			buildActionMask = 2147483647;
			files = (
				1D33445E4AEE91D871C8789E /* Pods_AnimationApp.framework in Frameworks */,
			);
			runOnlyForDeploymentPostprocessing = 0;
		};
/* End PBXFrameworksBuildPhase section */

/* Begin PBXGroup section */
		78BBEF54FE076055172BF147 /* Pods */ = {
			isa = PBXGroup;
			children = (
				7BEE7190E1993C6EA513762A /* Pods-AnimationApp.debug.xcconfig */,
				911E2EDE075452033FA1044F /* Pods-AnimationApp.release.xcconfig */,
			);
			path = Pods;
			sourceTree = "<group>";
		};
		881F9F1DA6DD48A2AAFA6613 /* Frameworks */ = {
			isa = PBXGroup;
			children = (
				3470D713683A55D25507BAF2 /* Pods_AnimationApp.framework */,
			);
			name = Frameworks;
			sourceTree = "<group>";
		};
		F42E326826FBBD1B00688488 = {
			isa = PBXGroup;
			children = (
				F42E327326FBBD1B00688488 /* AnimationApp */,
				F42E327226FBBD1B00688488 /* Products */,
				78BBEF54FE076055172BF147 /* Pods */,
				881F9F1DA6DD48A2AAFA6613 /* Frameworks */,
			);
			sourceTree = "<group>";
		};
		F42E327226FBBD1B00688488 /* Products */ = {
			isa = PBXGroup;
			children = (
				F42E327126FBBD1B00688488 /* AnimationApp.app */,
			);
			name = Products;
			sourceTree = "<group>";
		};
		F42E327326FBBD1B00688488 /* AnimationApp */ = {
			isa = PBXGroup;
			children = (
				F4EABBAF26FBC6DD00880980 /* ViewControllers */,
				F4EABBB026FBC6F100880980 /* Storyboards */,
				F4EABBB326FBC72D00880980 /* Models */,
				F4EABBB126FBC6FD00880980 /* Resources */,
				F4EABBB226FBC70B00880980 /* App */,
			);
			path = AnimationApp;
			sourceTree = "<group>";
		};
		F4EABBAF26FBC6DD00880980 /* ViewControllers */ = {
			isa = PBXGroup;
			children = (
				F42E327826FBBD1B00688488 /* ViewController.swift */,
			);
			path = ViewControllers;
			sourceTree = "<group>";
		};
		F4EABBB026FBC6F100880980 /* Storyboards */ = {
			isa = PBXGroup;
			children = (
				F42E327A26FBBD1B00688488 /* Main.storyboard */,
				F42E327F26FBBD1C00688488 /* LaunchScreen.storyboard */,
			);
			path = Storyboards;
			sourceTree = "<group>";
		};
		F4EABBB126FBC6FD00880980 /* Resources */ = {
			isa = PBXGroup;
			children = (
				F42E327D26FBBD1C00688488 /* Assets.xcassets */,
			);
			path = Resources;
			sourceTree = "<group>";
		};
		F4EABBB226FBC70B00880980 /* App */ = {
			isa = PBXGroup;
			children = (
				F42E327426FBBD1B00688488 /* AppDelegate.swift */,
				F42E327626FBBD1B00688488 /* SceneDelegate.swift */,
				F42E328226FBBD1C00688488 /* Info.plist */,
			);
			path = App;
			sourceTree = "<group>";
		};
		F4EABBB326FBC72D00880980 /* Models */ = {
			isa = PBXGroup;
			children = (
				F40F246126FC969700AD2F3B /* Animation Parameters.swift */,
			);
			path = Models;
			sourceTree = "<group>";
		};
/* End PBXGroup section */

/* Begin PBXNativeTarget section */
		F42E327026FBBD1B00688488 /* AnimationApp */ = {
			isa = PBXNativeTarget;
			buildConfigurationList = F42E328526FBBD1C00688488 /* Build configuration list for PBXNativeTarget "AnimationApp" */;
			buildPhases = (
				B782A8BA3D949A4DCB197681 /* [CP] Check Pods Manifest.lock */,
				F42E326D26FBBD1B00688488 /* Sources */,
				F42E326E26FBBD1B00688488 /* Frameworks */,
				F42E326F26FBBD1B00688488 /* Resources */,
				81A6DEFA051B0841DE16F175 /* [CP] Embed Pods Frameworks */,
			);
			buildRules = (
			);
			dependencies = (
			);
			name = AnimationApp;
			productName = AnimationApp;
			productReference = F42E327126FBBD1B00688488 /* AnimationApp.app */;
			productType = "com.apple.product-type.application";
		};
/* End PBXNativeTarget section */

/* Begin PBXProject section */
		F42E326926FBBD1B00688488 /* Project object */ = {
			isa = PBXProject;
			attributes = {
				LastSwiftUpdateCheck = 1250;
				LastUpgradeCheck = 1250;
				TargetAttributes = {
					F42E327026FBBD1B00688488 = {
						CreatedOnToolsVersion = 12.5.1;
					};
				};
			};
			buildConfigurationList = F42E326C26FBBD1B00688488 /* Build configuration list for PBXProject "AnimationApp" */;
			compatibilityVersion = "Xcode 9.3";
			developmentRegion = en;
			hasScannedForEncodings = 0;
			knownRegions = (
				en,
				Base,
			);
			mainGroup = F42E326826FBBD1B00688488;
			productRefGroup = F42E327226FBBD1B00688488 /* Products */;
			projectDirPath = "";
			projectRoot = "";
			targets = (
				F42E327026FBBD1B00688488 /* AnimationApp */,
			);
		};
/* End PBXProject section */

/* Begin PBXResourcesBuildPhase section */
		F42E326F26FBBD1B00688488 /* Resources */ = {
			isa = PBXResourcesBuildPhase;
			buildActionMask = 2147483647;
			files = (
				F42E328126FBBD1C00688488 /* LaunchScreen.storyboard in Resources */,
				F42E327E26FBBD1C00688488 /* Assets.xcassets in Resources */,
				F42E327C26FBBD1B00688488 /* Main.storyboard in Resources */,
			);
			runOnlyForDeploymentPostprocessing = 0;
		};
/* End PBXResourcesBuildPhase section */

/* Begin PBXShellScriptBuildPhase section */
		81A6DEFA051B0841DE16F175 /* [CP] Embed Pods Frameworks */ = {
			isa = PBXShellScriptBuildPhase;
			buildActionMask = 2147483647;
			files = (
			);
			inputFileListPaths = (
				"${PODS_ROOT}/Target Support Files/Pods-AnimationApp/Pods-AnimationApp-frameworks-${CONFIGURATION}-input-files.xcfilelist",
			);
			name = "[CP] Embed Pods Frameworks";
			outputFileListPaths = (
				"${PODS_ROOT}/Target Support Files/Pods-AnimationApp/Pods-AnimationApp-frameworks-${CONFIGURATION}-output-files.xcfilelist",
			);
			runOnlyForDeploymentPostprocessing = 0;
			shellPath = /bin/sh;
			shellScript = "\"${PODS_ROOT}/Target Support Files/Pods-AnimationApp/Pods-AnimationApp-frameworks.sh\"\n";
			showEnvVarsInLog = 0;
		};
		B782A8BA3D949A4DCB197681 /* [CP] Check Pods Manifest.lock */ = {
			isa = PBXShellScriptBuildPhase;
			buildActionMask = 2147483647;
			files = (
			);
			inputFileListPaths = (
			);
			inputPaths = (
				"${PODS_PODFILE_DIR_PATH}/Podfile.lock",
				"${PODS_ROOT}/Manifest.lock",
			);
			name = "[CP] Check Pods Manifest.lock";
			outputFileListPaths = (
			);
			outputPaths = (
				"$(DERIVED_FILE_DIR)/Pods-AnimationApp-checkManifestLockResult.txt",
			);
			runOnlyForDeploymentPostprocessing = 0;
			shellPath = /bin/sh;
			shellScript = "diff \"${PODS_PODFILE_DIR_PATH}/Podfile.lock\" \"${PODS_ROOT}/Manifest.lock\" > /dev/null\nif [ $? != 0 ] ; then\n    # print error to STDERR\n    echo \"error: The sandbox is not in sync with the Podfile.lock. Run 'pod install' or update your CocoaPods installation.\" >&2\n    exit 1\nfi\n# This output is used by Xcode 'outputs' to avoid re-running this script phase.\necho \"SUCCESS\" > \"${SCRIPT_OUTPUT_FILE_0}\"\n";
			showEnvVarsInLog = 0;
		};
/* End PBXShellScriptBuildPhase section */

/* Begin PBXSourcesBuildPhase section */
		F42E326D26FBBD1B00688488 /* Sources */ = {
			isa = PBXSourcesBuildPhase;
			buildActionMask = 2147483647;
			files = (
				F42E327926FBBD1B00688488 /* ViewController.swift in Sources */,
				F40F246226FC969700AD2F3B /* Animation Parameters.swift in Sources */,
				F42E327526FBBD1B00688488 /* AppDelegate.swift in Sources */,
				F42E327726FBBD1B00688488 /* SceneDelegate.swift in Sources */,
			);
			runOnlyForDeploymentPostprocessing = 0;
		};
/* End PBXSourcesBuildPhase section */

/* Begin PBXVariantGroup section */
		F42E327A26FBBD1B00688488 /* Main.storyboard */ = {
			isa = PBXVariantGroup;
			children = (
				F42E327B26FBBD1B00688488 /* Base */,
			);
			name = Main.storyboard;
			sourceTree = "<group>";
		};
		F42E327F26FBBD1C00688488 /* LaunchScreen.storyboard */ = {
			isa = PBXVariantGroup;
			children = (
				F42E328026FBBD1C00688488 /* Base */,
			);
			name = LaunchScreen.storyboard;
			sourceTree = "<group>";
		};
/* End PBXVariantGroup section */

/* Begin XCBuildConfiguration section */
		F42E328326FBBD1C00688488 /* Debug */ = {
			isa = XCBuildConfiguration;
			buildSettings = {
				ALWAYS_SEARCH_USER_PATHS = NO;
				CLANG_ANALYZER_NONNULL = YES;
				CLANG_ANALYZER_NUMBER_OBJECT_CONVERSION = YES_AGGRESSIVE;
				CLANG_CXX_LANGUAGE_STANDARD = "gnu++14";
				CLANG_CXX_LIBRARY = "libc++";
				CLANG_ENABLE_MODULES = YES;
				CLANG_ENABLE_OBJC_ARC = YES;
				CLANG_ENABLE_OBJC_WEAK = YES;
				CLANG_WARN_BLOCK_CAPTURE_AUTORELEASING = YES;
				CLANG_WARN_BOOL_CONVERSION = YES;
				CLANG_WARN_COMMA = YES;
				CLANG_WARN_CONSTANT_CONVERSION = YES;
				CLANG_WARN_DEPRECATED_OBJC_IMPLEMENTATIONS = YES;
				CLANG_WARN_DIRECT_OBJC_ISA_USAGE = YES_ERROR;
				CLANG_WARN_DOCUMENTATION_COMMENTS = YES;
				CLANG_WARN_EMPTY_BODY = YES;
				CLANG_WARN_ENUM_CONVERSION = YES;
				CLANG_WARN_INFINITE_RECURSION = YES;
				CLANG_WARN_INT_CONVERSION = YES;
				CLANG_WARN_NON_LITERAL_NULL_CONVERSION = YES;
				CLANG_WARN_OBJC_IMPLICIT_RETAIN_SELF = YES;
				CLANG_WARN_OBJC_LITERAL_CONVERSION = YES;
				CLANG_WARN_OBJC_ROOT_CLASS = YES_ERROR;
				CLANG_WARN_QUOTED_INCLUDE_IN_FRAMEWORK_HEADER = YES;
				CLANG_WARN_RANGE_LOOP_ANALYSIS = YES;
				CLANG_WARN_STRICT_PROTOTYPES = YES;
				CLANG_WARN_SUSPICIOUS_MOVE = YES;
				CLANG_WARN_UNGUARDED_AVAILABILITY = YES_AGGRESSIVE;
				CLANG_WARN_UNREACHABLE_CODE = YES;
				CLANG_WARN__DUPLICATE_METHOD_MATCH = YES;
				COPY_PHASE_STRIP = NO;
				DEBUG_INFORMATION_FORMAT = dwarf;
				ENABLE_STRICT_OBJC_MSGSEND = YES;
				ENABLE_TESTABILITY = YES;
				GCC_C_LANGUAGE_STANDARD = gnu11;
				GCC_DYNAMIC_NO_PIC = NO;
				GCC_NO_COMMON_BLOCKS = YES;
				GCC_OPTIMIZATION_LEVEL = 0;
				GCC_PREPROCESSOR_DEFINITIONS = (
					"DEBUG=1",
					"$(inherited)",
				);
				GCC_WARN_64_TO_32_BIT_CONVERSION = YES;
				GCC_WARN_ABOUT_RETURN_TYPE = YES_ERROR;
				GCC_WARN_UNDECLARED_SELECTOR = YES;
				GCC_WARN_UNINITIALIZED_AUTOS = YES_AGGRESSIVE;
				GCC_WARN_UNUSED_FUNCTION = YES;
				GCC_WARN_UNUSED_VARIABLE = YES;
				IPHONEOS_DEPLOYMENT_TARGET = 14.5;
				MTL_ENABLE_DEBUG_INFO = INCLUDE_SOURCE;
				MTL_FAST_MATH = YES;
				ONLY_ACTIVE_ARCH = YES;
				SDKROOT = iphoneos;
				SWIFT_ACTIVE_COMPILATION_CONDITIONS = DEBUG;
				SWIFT_OPTIMIZATION_LEVEL = "-Onone";
			};
			name = Debug;
		};
		F42E328426FBBD1C00688488 /* Release */ = {
			isa = XCBuildConfiguration;
			buildSettings = {
				ALWAYS_SEARCH_USER_PATHS = NO;
				CLANG_ANALYZER_NONNULL = YES;
				CLANG_ANALYZER_NUMBER_OBJECT_CONVERSION = YES_AGGRESSIVE;
				CLANG_CXX_LANGUAGE_STANDARD = "gnu++14";
				CLANG_CXX_LIBRARY = "libc++";
				CLANG_ENABLE_MODULES = YES;
				CLANG_ENABLE_OBJC_ARC = YES;
				CLANG_ENABLE_OBJC_WEAK = YES;
				CLANG_WARN_BLOCK_CAPTURE_AUTORELEASING = YES;
				CLANG_WARN_BOOL_CONVERSION = YES;
				CLANG_WARN_COMMA = YES;
				CLANG_WARN_CONSTANT_CONVERSION = YES;
				CLANG_WARN_DEPRECATED_OBJC_IMPLEMENTATIONS = YES;
				CLANG_WARN_DIRECT_OBJC_ISA_USAGE = YES_ERROR;
				CLANG_WARN_DOCUMENTATION_COMMENTS = YES;
				CLANG_WARN_EMPTY_BODY = YES;
				CLANG_WARN_ENUM_CONVERSION = YES;
				CLANG_WARN_INFINITE_RECURSION = YES;
				CLANG_WARN_INT_CONVERSION = YES;
				CLANG_WARN_NON_LITERAL_NULL_CONVERSION = YES;
				CLANG_WARN_OBJC_IMPLICIT_RETAIN_SELF = YES;
				CLANG_WARN_OBJC_LITERAL_CONVERSION = YES;
				CLANG_WARN_OBJC_ROOT_CLASS = YES_ERROR;
				CLANG_WARN_QUOTED_INCLUDE_IN_FRAMEWORK_HEADER = YES;
				CLANG_WARN_RANGE_LOOP_ANALYSIS = YES;
				CLANG_WARN_STRICT_PROTOTYPES = YES;
				CLANG_WARN_SUSPICIOUS_MOVE = YES;
				CLANG_WARN_UNGUARDED_AVAILABILITY = YES_AGGRESSIVE;
				CLANG_WARN_UNREACHABLE_CODE = YES;
				CLANG_WARN__DUPLICATE_METHOD_MATCH = YES;
				COPY_PHASE_STRIP = NO;
				DEBUG_INFORMATION_FORMAT = "dwarf-with-dsym";
				ENABLE_NS_ASSERTIONS = NO;
				ENABLE_STRICT_OBJC_MSGSEND = YES;
				GCC_C_LANGUAGE_STANDARD = gnu11;
				GCC_NO_COMMON_BLOCKS = YES;
				GCC_WARN_64_TO_32_BIT_CONVERSION = YES;
				GCC_WARN_ABOUT_RETURN_TYPE = YES_ERROR;
				GCC_WARN_UNDECLARED_SELECTOR = YES;
				GCC_WARN_UNINITIALIZED_AUTOS = YES_AGGRESSIVE;
				GCC_WARN_UNUSED_FUNCTION = YES;
				GCC_WARN_UNUSED_VARIABLE = YES;
				IPHONEOS_DEPLOYMENT_TARGET = 14.5;
				MTL_ENABLE_DEBUG_INFO = NO;
				MTL_FAST_MATH = YES;
				SDKROOT = iphoneos;
				SWIFT_COMPILATION_MODE = wholemodule;
				SWIFT_OPTIMIZATION_LEVEL = "-O";
				VALIDATE_PRODUCT = YES;
			};
			name = Release;
		};
		F42E328626FBBD1C00688488 /* Debug */ = {
			isa = XCBuildConfiguration;
			baseConfigurationReference = 7BEE7190E1993C6EA513762A /* Pods-AnimationApp.debug.xcconfig */;
			buildSettings = {
				ASSETCATALOG_COMPILER_APPICON_NAME = AppIcon;
				ASSETCATALOG_COMPILER_GLOBAL_ACCENT_COLOR_NAME = AccentColor;
				CODE_SIGN_STYLE = Automatic;
				DEVELOPMENT_TEAM = Z88UC283VS;
				INFOPLIST_FILE = AnimationApp/App/Info.plist;
				LD_RUNPATH_SEARCH_PATHS = (
					"$(inherited)",
					"@executable_path/Frameworks",
				);
				PRODUCT_BUNDLE_IDENTIFIER = Ivan.Grishin.AnimationApp;
				PRODUCT_NAME = "$(TARGET_NAME)";
				SWIFT_VERSION = 5.0;
				TARGETED_DEVICE_FAMILY = "1,2";
			};
			name = Debug;
		};
		F42E328726FBBD1C00688488 /* Release */ = {
			isa = XCBuildConfiguration;
			baseConfigurationReference = 911E2EDE075452033FA1044F /* Pods-AnimationApp.release.xcconfig */;
			buildSettings = {
				ASSETCATALOG_COMPILER_APPICON_NAME = AppIcon;
				ASSETCATALOG_COMPILER_GLOBAL_ACCENT_COLOR_NAME = AccentColor;
				CODE_SIGN_STYLE = Automatic;
				DEVELOPMENT_TEAM = Z88UC283VS;
				INFOPLIST_FILE = AnimationApp/App/Info.plist;
				LD_RUNPATH_SEARCH_PATHS = (
					"$(inherited)",
					"@executable_path/Frameworks",
				);
				PRODUCT_BUNDLE_IDENTIFIER = Ivan.Grishin.AnimationApp;
				PRODUCT_NAME = "$(TARGET_NAME)";
				SWIFT_VERSION = 5.0;
				TARGETED_DEVICE_FAMILY = "1,2";
			};
			name = Release;
		};
/* End XCBuildConfiguration section */

/* Begin XCConfigurationList section */
		F42E326C26FBBD1B00688488 /* Build configuration list for PBXProject "AnimationApp" */ = {
			isa = XCConfigurationList;
			buildConfigurations = (
				F42E328326FBBD1C00688488 /* Debug */,
				F42E328426FBBD1C00688488 /* Release */,
			);
			defaultConfigurationIsVisible = 0;
			defaultConfigurationName = Release;
		};
		F42E328526FBBD1C00688488 /* Build configuration list for PBXNativeTarget "AnimationApp" */ = {
			isa = XCConfigurationList;
			buildConfigurations = (
				F42E328626FBBD1C00688488 /* Debug */,
				F42E328726FBBD1C00688488 /* Release */,
			);
			defaultConfigurationIsVisible = 0;
			defaultConfigurationName = Release;
		};
/* End XCConfigurationList section */
	};
	rootObject = F42E326926FBBD1B00688488 /* Project object */;
}
